
Microsoft Visual Studio Solution File, Format Version 12.00
# Visual Studio Version 17
VisualStudioVersion = 17.1.32328.378
MinimumVisualStudioVersion = 10.0.40219.1
Project("{FAE04EC0-301F-11D3-BF4B-00C04F79EFBC}") = "ClientMetricMeneger", "ClientMetricMeneger\ClientMetricMeneger.csproj", "{3CB09B23-5979-4232-B4B1-D2966E1A1862}"
EndProject
Global
	GlobalSection(SolutionConfigurationPlatforms) = preSolution
		Debug|Any CPU = Debug|Any CPU
		Release|Any CPU = Release|Any CPU
	EndGlobalSection
	GlobalSection(ProjectConfigurationPlatforms) = postSolution
		{3CB09B23-5979-4232-B4B1-D2966E1A1862}.Debug|Any CPU.ActiveCfg = Debug|Any CPU
		{3CB09B23-5979-4232-B4B1-D2966E1A1862}.Debug|Any CPU.Build.0 = Debug|Any CPU
		{3CB09B23-5979-4232-B4B1-D2966E1A1862}.Release|Any CPU.ActiveCfg = Release|Any CPU
		{3CB09B23-5979-4232-B4B1-D2966E1A1862}.Release|Any CPU.Build.0 = Release|Any CPU
	EndGlobalSection
	GlobalSection(SolutionProperties) = preSolution
		HideSolutionNode = FALSE
	EndGlobalSection
	GlobalSection(ExtensibilityGlobals) = postSolution
		SolutionGuid = {A898720C-BCA4-409E-993D-A61BCC19C300}
	EndGlobalSection
EndGlobal
